
Microsoft Visual Studio Solution File, Format Version 12.00
# Visual Studio 2013
VisualStudioVersion = 12.0.31101.0
MinimumVisualStudioVersion = 10.0.40219.1
Project("{FAE04EC0-301F-11D3-BF4B-00C04F79EFBC}") = "FineUploader", "FineUploader\FineUploader.csproj", "{4525A4ED-0128-4179-8439-B7F4B9BC3B36}"
EndProject
Global
	GlobalSection(SolutionConfigurationPlatforms) = preSolution
		Debug|Any CPU = Debug|Any CPU
		Release|Any CPU = Release|Any CPU
	EndGlobalSection
	GlobalSection(ProjectConfigurationPlatforms) = postSolution
		{4525A4ED-0128-4179-8439-B7F4B9BC3B36}.Debug|Any CPU.ActiveCfg = Debug|Any CPU
		{4525A4ED-0128-4179-8439-B7F4B9BC3B36}.Debug|Any CPU.Build.0 = Debug|Any CPU
		{4525A4ED-0128-4179-8439-B7F4B9BC3B36}.Release|Any CPU.ActiveCfg = Release|Any CPU
		{4525A4ED-0128-4179-8439-B7F4B9BC3B36}.Release|Any CPU.Build.0 = Release|Any CPU
	EndGlobalSection
	GlobalSection(SolutionProperties) = preSolution
		HideSolutionNode = FALSE
	EndGlobalSection
EndGlobal
